
Microsoft Visual Studio Solution File, Format Version 12.00
# Visual Studio 15
VisualStudioVersion = 15.0.28307.438
MinimumVisualStudioVersion = 10.0.40219.1
Project("{8BC9CEB8-8B4A-11D0-8D11-00A0C91BC942}") = "Gradius", "Gradius\Sidescroller.vcxproj", "{000D341C-5F4D-455D-9787-7E31F5122645}"
EndProject
Global
	GlobalSection(SolutionConfigurationPlatforms) = preSolution
		Debug|x64 = Debug|x64
		Debug|x86 = Debug|x86
		Release|x64 = Release|x64
		Release|x86 = Release|x86
	EndGlobalSection
	GlobalSection(ProjectConfigurationPlatforms) = postSolution
		{000D341C-5F4D-455D-9787-7E31F5122645}.Debug|x64.ActiveCfg = Debug|x64
		{000D341C-5F4D-455D-9787-7E31F5122645}.Debug|x64.Build.0 = Debug|x64
		{000D341C-5F4D-455D-9787-7E31F5122645}.Debug|x86.ActiveCfg = Debug|Win32
		{000D341C-5F4D-455D-9787-7E31F5122645}.Debug|x86.Build.0 = Debug|Win32
		{000D341C-5F4D-455D-9787-7E31F5122645}.Release|x64.ActiveCfg = Release|x64
		{000D341C-5F4D-455D-9787-7E31F5122645}.Release|x64.Build.0 = Release|x64
		{000D341C-5F4D-455D-9787-7E31F5122645}.Release|x86.ActiveCfg = Release|Win32
		{000D341C-5F4D-455D-9787-7E31F5122645}.Release|x86.Build.0 = Release|Win32
	EndGlobalSection
	GlobalSection(SolutionProperties) = preSolution
		HideSolutionNode = FALSE
	EndGlobalSection
	GlobalSection(ExtensibilityGlobals) = postSolution
		SolutionGuid = {405ADC49-6167-44AF-8846-FCFEDA2BF243}
	EndGlobalSection
EndGlobal
